// !$*UTF8*$!
{
	archiveVersion = 1;
	classes = {
	};
	objectVersion = 50;
	objects = {

/* Begin PBXBuildFile section */
		313C0007E0C83C9C7DE5A764 /* Pods_Pure_Layout_External_Test_app.framework in Frameworks */ = {isa = PBXBuildFile; fileRef = DD68A79C8CCEE430F1384DBA /* Pods_Pure_Layout_External_Test_app.framework */; };
		6116B0EC0B69C965AD70E567 /* Pods_Pure_Layout_External_Test_appTests.framework in Frameworks */ = {isa = PBXBuildFile; fileRef = 768DC5380425A237B2BFFEA1 /* Pods_Pure_Layout_External_Test_appTests.framework */; };
		7F71F7ADC1A0837AC3B827BA /* Pods_Pure_Layout_External_Test_appUITests.framework in Frameworks */ = {isa = PBXBuildFile; fileRef = 40A0DFDA18E85801D3AD9278 /* Pods_Pure_Layout_External_Test_appUITests.framework */; };
		F8E8451521310EEF007CDC55 /* AppDelegate.swift in Sources */ = {isa = PBXBuildFile; fileRef = F8E8451421310EEF007CDC55 /* AppDelegate.swift */; };
		F8E8451721310EEF007CDC55 /* ViewController.swift in Sources */ = {isa = PBXBuildFile; fileRef = F8E8451621310EEF007CDC55 /* ViewController.swift */; };
		F8E8451A21310EEF007CDC55 /* Main.storyboard in Resources */ = {isa = PBXBuildFile; fileRef = F8E8451821310EEF007CDC55 /* Main.storyboard */; };
		F8E8451C21310EF1007CDC55 /* Assets.xcassets in Resources */ = {isa = PBXBuildFile; fileRef = F8E8451B21310EF1007CDC55 /* Assets.xcassets */; };
		F8E8451F21310EF1007CDC55 /* LaunchScreen.storyboard in Resources */ = {isa = PBXBuildFile; fileRef = F8E8451D21310EF1007CDC55 /* LaunchScreen.storyboard */; };
		F8E8452A21310EF2007CDC55 /* Pure_Layout_External_Test_appTests.swift in Sources */ = {isa = PBXBuildFile; fileRef = F8E8452921310EF2007CDC55 /* Pure_Layout_External_Test_appTests.swift */; };
		F8E8453521310EF2007CDC55 /* Pure_Layout_External_Test_appUITests.swift in Sources */ = {isa = PBXBuildFile; fileRef = F8E8453421310EF2007CDC55 /* Pure_Layout_External_Test_appUITests.swift */; };
/* End PBXBuildFile section */

/* Begin PBXContainerItemProxy section */
		F8E8452621310EF2007CDC55 /* PBXContainerItemProxy */ = {
			isa = PBXContainerItemProxy;
			containerPortal = F8E8450921310EEF007CDC55 /* Project object */;
			proxyType = 1;
			remoteGlobalIDString = F8E8451021310EEF007CDC55;
			remoteInfo = "Pure Layout External Test app";
		};
		F8E8453121310EF2007CDC55 /* PBXContainerItemProxy */ = {
			isa = PBXContainerItemProxy;
			containerPortal = F8E8450921310EEF007CDC55 /* Project object */;
			proxyType = 1;
			remoteGlobalIDString = F8E8451021310EEF007CDC55;
			remoteInfo = "Pure Layout External Test app";
		};
/* End PBXContainerItemProxy section */

/* Begin PBXFileReference section */
		023AFA2DC7338897531C4848 /* Pods-Pure Layout External Test app.debug.xcconfig */ = {isa = PBXFileReference; includeInIndex = 1; lastKnownFileType = text.xcconfig; name = "Pods-Pure Layout External Test app.debug.xcconfig"; path = "Pods/Target Support Files/Pods-Pure Layout External Test app/Pods-Pure Layout External Test app.debug.xcconfig"; sourceTree = "<group>"; };
		04AF51ABFD4525CF4504E318 /* Pods-Pure Layout External Test appTests.debug.xcconfig */ = {isa = PBXFileReference; includeInIndex = 1; lastKnownFileType = text.xcconfig; name = "Pods-Pure Layout External Test appTests.debug.xcconfig"; path = "Pods/Target Support Files/Pods-Pure Layout External Test appTests/Pods-Pure Layout External Test appTests.debug.xcconfig"; sourceTree = "<group>"; };
		40A0DFDA18E85801D3AD9278 /* Pods_Pure_Layout_External_Test_appUITests.framework */ = {isa = PBXFileReference; explicitFileType = wrapper.framework; includeInIndex = 0; path = Pods_Pure_Layout_External_Test_appUITests.framework; sourceTree = BUILT_PRODUCTS_DIR; };
		6DE18391E940341F2C419360 /* Pods-Pure Layout External Test appUITests.debug.xcconfig */ = {isa = PBXFileReference; includeInIndex = 1; lastKnownFileType = text.xcconfig; name = "Pods-Pure Layout External Test appUITests.debug.xcconfig"; path = "Pods/Target Support Files/Pods-Pure Layout External Test appUITests/Pods-Pure Layout External Test appUITests.debug.xcconfig"; sourceTree = "<group>"; };
		768DC5380425A237B2BFFEA1 /* Pods_Pure_Layout_External_Test_appTests.framework */ = {isa = PBXFileReference; explicitFileType = wrapper.framework; includeInIndex = 0; path = Pods_Pure_Layout_External_Test_appTests.framework; sourceTree = BUILT_PRODUCTS_DIR; };
		8685F75EE0BECAC844B00C59 /* Pods-Pure Layout External Test appTests.release.xcconfig */ = {isa = PBXFileReference; includeInIndex = 1; lastKnownFileType = text.xcconfig; name = "Pods-Pure Layout External Test appTests.release.xcconfig"; path = "Pods/Target Support Files/Pods-Pure Layout External Test appTests/Pods-Pure Layout External Test appTests.release.xcconfig"; sourceTree = "<group>"; };
		C6ACE45505B72ED2E2274489 /* Pods-Pure Layout External Test appUITests.release.xcconfig */ = {isa = PBXFileReference; includeInIndex = 1; lastKnownFileType = text.xcconfig; name = "Pods-Pure Layout External Test appUITests.release.xcconfig"; path = "Pods/Target Support Files/Pods-Pure Layout External Test appUITests/Pods-Pure Layout External Test appUITests.release.xcconfig"; sourceTree = "<group>"; };
		DD68A79C8CCEE430F1384DBA /* Pods_Pure_Layout_External_Test_app.framework */ = {isa = PBXFileReference; explicitFileType = wrapper.framework; includeInIndex = 0; path = Pods_Pure_Layout_External_Test_app.framework; sourceTree = BUILT_PRODUCTS_DIR; };
		E71DAE8840DD918ED6CB0760 /* Pods-Pure Layout External Test app.release.xcconfig */ = {isa = PBXFileReference; includeInIndex = 1; lastKnownFileType = text.xcconfig; name = "Pods-Pure Layout External Test app.release.xcconfig"; path = "Pods/Target Support Files/Pods-Pure Layout External Test app/Pods-Pure Layout External Test app.release.xcconfig"; sourceTree = "<group>"; };
		F8E8451121310EEF007CDC55 /* Pure Layout External Test app.app */ = {isa = PBXFileReference; explicitFileType = wrapper.application; includeInIndex = 0; path = "Pure Layout External Test app.app"; sourceTree = BUILT_PRODUCTS_DIR; };
		F8E8451421310EEF007CDC55 /* AppDelegate.swift */ = {isa = PBXFileReference; lastKnownFileType = sourcecode.swift; path = AppDelegate.swift; sourceTree = "<group>"; };
		F8E8451621310EEF007CDC55 /* ViewController.swift */ = {isa = PBXFileReference; lastKnownFileType = sourcecode.swift; path = ViewController.swift; sourceTree = "<group>"; };
		F8E8451921310EEF007CDC55 /* Base */ = {isa = PBXFileReference; lastKnownFileType = file.storyboard; name = Base; path = Base.lproj/Main.storyboard; sourceTree = "<group>"; };
		F8E8451B21310EF1007CDC55 /* Assets.xcassets */ = {isa = PBXFileReference; lastKnownFileType = folder.assetcatalog; path = Assets.xcassets; sourceTree = "<group>"; };
		F8E8451E21310EF1007CDC55 /* Base */ = {isa = PBXFileReference; lastKnownFileType = file.storyboard; name = Base; path = Base.lproj/LaunchScreen.storyboard; sourceTree = "<group>"; };
		F8E8452021310EF1007CDC55 /* Info.plist */ = {isa = PBXFileReference; lastKnownFileType = text.plist.xml; path = Info.plist; sourceTree = "<group>"; };
		F8E8452521310EF2007CDC55 /* Pure Layout External Test appTests.xctest */ = {isa = PBXFileReference; explicitFileType = wrapper.cfbundle; includeInIndex = 0; path = "Pure Layout External Test appTests.xctest"; sourceTree = BUILT_PRODUCTS_DIR; };
		F8E8452921310EF2007CDC55 /* Pure_Layout_External_Test_appTests.swift */ = {isa = PBXFileReference; lastKnownFileType = sourcecode.swift; path = Pure_Layout_External_Test_appTests.swift; sourceTree = "<group>"; };
		F8E8452B21310EF2007CDC55 /* Info.plist */ = {isa = PBXFileReference; lastKnownFileType = text.plist.xml; path = Info.plist; sourceTree = "<group>"; };
		F8E8453021310EF2007CDC55 /* Pure Layout External Test appUITests.xctest */ = {isa = PBXFileReference; explicitFileType = wrapper.cfbundle; includeInIndex = 0; path = "Pure Layout External Test appUITests.xctest"; sourceTree = BUILT_PRODUCTS_DIR; };
		F8E8453421310EF2007CDC55 /* Pure_Layout_External_Test_appUITests.swift */ = {isa = PBXFileReference; lastKnownFileType = sourcecode.swift; path = Pure_Layout_External_Test_appUITests.swift; sourceTree = "<group>"; };
		F8E8453621310EF2007CDC55 /* Info.plist */ = {isa = PBXFileReference; lastKnownFileType = text.plist.xml; path = Info.plist; sourceTree = "<group>"; };
/* End PBXFileReference section */

/* Begin PBXFrameworksBuildPhase section */
		F8E8450E21310EEF007CDC55 /* Frameworks */ = {
			isa = PBXFrameworksBuildPhase;
			buildActionMask = 2147483647;
			files = (
				313C0007E0C83C9C7DE5A764 /* Pods_Pure_Layout_External_Test_app.framework in Frameworks */,
			);
			runOnlyForDeploymentPostprocessing = 0;
		};
		F8E8452221310EF2007CDC55 /* Frameworks */ = {
			isa = PBXFrameworksBuildPhase;
			buildActionMask = 2147483647;
			files = (
				6116B0EC0B69C965AD70E567 /* Pods_Pure_Layout_External_Test_appTests.framework in Frameworks */,
			);
			runOnlyForDeploymentPostprocessing = 0;
		};
		F8E8452D21310EF2007CDC55 /* Frameworks */ = {
			isa = PBXFrameworksBuildPhase;
			buildActionMask = 2147483647;
			files = (
				7F71F7ADC1A0837AC3B827BA /* Pods_Pure_Layout_External_Test_appUITests.framework in Frameworks */,
			);
			runOnlyForDeploymentPostprocessing = 0;
		};
/* End PBXFrameworksBuildPhase section */

/* Begin PBXGroup section */
		764B1C5EFFD8F910925B6724 /* Frameworks */ = {
			isa = PBXGroup;
			children = (
				DD68A79C8CCEE430F1384DBA /* Pods_Pure_Layout_External_Test_app.framework */,
				768DC5380425A237B2BFFEA1 /* Pods_Pure_Layout_External_Test_appTests.framework */,
				40A0DFDA18E85801D3AD9278 /* Pods_Pure_Layout_External_Test_appUITests.framework */,
			);
			name = Frameworks;
			sourceTree = "<group>";
		};
		E1FC1BE17E80E428C9E902F8 /* Pods */ = {
			isa = PBXGroup;
			children = (
				023AFA2DC7338897531C4848 /* Pods-Pure Layout External Test app.debug.xcconfig */,
				E71DAE8840DD918ED6CB0760 /* Pods-Pure Layout External Test app.release.xcconfig */,
				04AF51ABFD4525CF4504E318 /* Pods-Pure Layout External Test appTests.debug.xcconfig */,
				8685F75EE0BECAC844B00C59 /* Pods-Pure Layout External Test appTests.release.xcconfig */,
				6DE18391E940341F2C419360 /* Pods-Pure Layout External Test appUITests.debug.xcconfig */,
				C6ACE45505B72ED2E2274489 /* Pods-Pure Layout External Test appUITests.release.xcconfig */,
			);
			name = Pods;
			sourceTree = "<group>";
		};
		F8E8450821310EEF007CDC55 = {
			isa = PBXGroup;
			children = (
				F8E8451321310EEF007CDC55 /* Pure Layout External Test app */,
				F8E8452821310EF2007CDC55 /* Pure Layout External Test appTests */,
				F8E8453321310EF2007CDC55 /* Pure Layout External Test appUITests */,
				F8E8451221310EEF007CDC55 /* Products */,
				E1FC1BE17E80E428C9E902F8 /* Pods */,
				764B1C5EFFD8F910925B6724 /* Frameworks */,
			);
			sourceTree = "<group>";
		};
		F8E8451221310EEF007CDC55 /* Products */ = {
			isa = PBXGroup;
			children = (
				F8E8451121310EEF007CDC55 /* Pure Layout External Test app.app */,
				F8E8452521310EF2007CDC55 /* Pure Layout External Test appTests.xctest */,
				F8E8453021310EF2007CDC55 /* Pure Layout External Test appUITests.xctest */,
			);
			name = Products;
			sourceTree = "<group>";
		};
		F8E8451321310EEF007CDC55 /* Pure Layout External Test app */ = {
			isa = PBXGroup;
			children = (
				F8E8451421310EEF007CDC55 /* AppDelegate.swift */,
				F8E8451621310EEF007CDC55 /* ViewController.swift */,
				F8E8451821310EEF007CDC55 /* Main.storyboard */,
				F8E8451B21310EF1007CDC55 /* Assets.xcassets */,
				F8E8451D21310EF1007CDC55 /* LaunchScreen.storyboard */,
				F8E8452021310EF1007CDC55 /* Info.plist */,
			);
			path = "Pure Layout External Test app";
			sourceTree = "<group>";
		};
		F8E8452821310EF2007CDC55 /* Pure Layout External Test appTests */ = {
			isa = PBXGroup;
			children = (
				F8E8452921310EF2007CDC55 /* Pure_Layout_External_Test_appTests.swift */,
				F8E8452B21310EF2007CDC55 /* Info.plist */,
			);
			path = "Pure Layout External Test appTests";
			sourceTree = "<group>";
		};
		F8E8453321310EF2007CDC55 /* Pure Layout External Test appUITests */ = {
			isa = PBXGroup;
			children = (
				F8E8453421310EF2007CDC55 /* Pure_Layout_External_Test_appUITests.swift */,
				F8E8453621310EF2007CDC55 /* Info.plist */,
			);
			path = "Pure Layout External Test appUITests";
			sourceTree = "<group>";
		};
/* End PBXGroup section */

/* Begin PBXNativeTarget section */
		F8E8451021310EEF007CDC55 /* Pure Layout External Test app */ = {
			isa = PBXNativeTarget;
			buildConfigurationList = F8E8453921310EF2007CDC55 /* Build configuration list for PBXNativeTarget "Pure Layout External Test app" */;
			buildPhases = (
				34DA31E0A90C254AD6273BE6 /* [CP] Check Pods Manifest.lock */,
				F8E8450D21310EEF007CDC55 /* Sources */,
				F8E8450E21310EEF007CDC55 /* Frameworks */,
				F8E8450F21310EEF007CDC55 /* Resources */,
				7909EBF578196586604C2BA3 /* [CP] Embed Pods Frameworks */,
			);
			buildRules = (
			);
			dependencies = (
			);
			name = "Pure Layout External Test app";
			productName = "Pure Layout External Test app";
			productReference = F8E8451121310EEF007CDC55 /* Pure Layout External Test app.app */;
			productType = "com.apple.product-type.application";
		};
		F8E8452421310EF2007CDC55 /* Pure Layout External Test appTests */ = {
			isa = PBXNativeTarget;
			buildConfigurationList = F8E8453C21310EF2007CDC55 /* Build configuration list for PBXNativeTarget "Pure Layout External Test appTests" */;
			buildPhases = (
				60A5312CFB941402792DDDA5 /* [CP] Check Pods Manifest.lock */,
				F8E8452121310EF2007CDC55 /* Sources */,
				F8E8452221310EF2007CDC55 /* Frameworks */,
				F8E8452321310EF2007CDC55 /* Resources */,
			);
			buildRules = (
			);
			dependencies = (
				F8E8452721310EF2007CDC55 /* PBXTargetDependency */,
			);
			name = "Pure Layout External Test appTests";
			productName = "Pure Layout External Test appTests";
			productReference = F8E8452521310EF2007CDC55 /* Pure Layout External Test appTests.xctest */;
			productType = "com.apple.product-type.bundle.unit-test";
		};
		F8E8452F21310EF2007CDC55 /* Pure Layout External Test appUITests */ = {
			isa = PBXNativeTarget;
			buildConfigurationList = F8E8453F21310EF2007CDC55 /* Build configuration list for PBXNativeTarget "Pure Layout External Test appUITests" */;
			buildPhases = (
				786D7D2CF4B1C101EBD57059 /* [CP] Check Pods Manifest.lock */,
				F8E8452C21310EF2007CDC55 /* Sources */,
				F8E8452D21310EF2007CDC55 /* Frameworks */,
				F8E8452E21310EF2007CDC55 /* Resources */,
			);
			buildRules = (
			);
			dependencies = (
				F8E8453221310EF2007CDC55 /* PBXTargetDependency */,
			);
			name = "Pure Layout External Test appUITests";
			productName = "Pure Layout External Test appUITests";
			productReference = F8E8453021310EF2007CDC55 /* Pure Layout External Test appUITests.xctest */;
			productType = "com.apple.product-type.bundle.ui-testing";
		};
/* End PBXNativeTarget section */

/* Begin PBXProject section */
		F8E8450921310EEF007CDC55 /* Project object */ = {
			isa = PBXProject;
			attributes = {
				LastSwiftUpdateCheck = 0940;
				LastUpgradeCheck = 0940;
				ORGANIZATIONNAME = "Chromedome Software";
				TargetAttributes = {
					F8E8451021310EEF007CDC55 = {
						CreatedOnToolsVersion = 9.4.1;
					};
					F8E8452421310EF2007CDC55 = {
						CreatedOnToolsVersion = 9.4.1;
						TestTargetID = F8E8451021310EEF007CDC55;
					};
					F8E8452F21310EF2007CDC55 = {
						CreatedOnToolsVersion = 9.4.1;
						TestTargetID = F8E8451021310EEF007CDC55;
					};
				};
			};
			buildConfigurationList = F8E8450C21310EEF007CDC55 /* Build configuration list for PBXProject "Pure Layout External Test app" */;
			compatibilityVersion = "Xcode 9.3";
			developmentRegion = en;
			hasScannedForEncodings = 0;
			knownRegions = (
				en,
				Base,
			);
			mainGroup = F8E8450821310EEF007CDC55;
			productRefGroup = F8E8451221310EEF007CDC55 /* Products */;
			projectDirPath = "";
			projectRoot = "";
			targets = (
				F8E8451021310EEF007CDC55 /* Pure Layout External Test app */,
				F8E8452421310EF2007CDC55 /* Pure Layout External Test appTests */,
				F8E8452F21310EF2007CDC55 /* Pure Layout External Test appUITests */,
			);
		};
/* End PBXProject section */

/* Begin PBXResourcesBuildPhase section */
		F8E8450F21310EEF007CDC55 /* Resources */ = {
			isa = PBXResourcesBuildPhase;
			buildActionMask = 2147483647;
			files = (
				F8E8451F21310EF1007CDC55 /* LaunchScreen.storyboard in Resources */,
				F8E8451C21310EF1007CDC55 /* Assets.xcassets in Resources */,
				F8E8451A21310EEF007CDC55 /* Main.storyboard in Resources */,
			);
			runOnlyForDeploymentPostprocessing = 0;
		};
		F8E8452321310EF2007CDC55 /* Resources */ = {
			isa = PBXResourcesBuildPhase;
			buildActionMask = 2147483647;
			files = (
			);
			runOnlyForDeploymentPostprocessing = 0;
		};
		F8E8452E21310EF2007CDC55 /* Resources */ = {
			isa = PBXResourcesBuildPhase;
			buildActionMask = 2147483647;
			files = (
			);
			runOnlyForDeploymentPostprocessing = 0;
		};
/* End PBXResourcesBuildPhase section */

/* Begin PBXShellScriptBuildPhase section */
		34DA31E0A90C254AD6273BE6 /* [CP] Check Pods Manifest.lock */ = {
			isa = PBXShellScriptBuildPhase;
			buildActionMask = 2147483647;
			files = (
			);
			inputPaths = (
				"${PODS_PODFILE_DIR_PATH}/Podfile.lock",
				"${PODS_ROOT}/Manifest.lock",
			);
			name = "[CP] Check Pods Manifest.lock";
			outputPaths = (
				"$(DERIVED_FILE_DIR)/Pods-Pure Layout External Test app-checkManifestLockResult.txt",
			);
			runOnlyForDeploymentPostprocessing = 0;
			shellPath = /bin/sh;
			shellScript = "diff \"${PODS_PODFILE_DIR_PATH}/Podfile.lock\" \"${PODS_ROOT}/Manifest.lock\" > /dev/null\nif [ $? != 0 ] ; then\n    # print error to STDERR\n    echo \"error: The sandbox is not in sync with the Podfile.lock. Run 'pod install' or update your CocoaPods installation.\" >&2\n    exit 1\nfi\n# This output is used by Xcode 'outputs' to avoid re-running this script phase.\necho \"SUCCESS\" > \"${SCRIPT_OUTPUT_FILE_0}\"\n";
			showEnvVarsInLog = 0;
		};
		60A5312CFB941402792DDDA5 /* [CP] Check Pods Manifest.lock */ = {
			isa = PBXShellScriptBuildPhase;
			buildActionMask = 2147483647;
			files = (
			);
			inputPaths = (
				"${PODS_PODFILE_DIR_PATH}/Podfile.lock",
				"${PODS_ROOT}/Manifest.lock",
			);
			name = "[CP] Check Pods Manifest.lock";
			outputPaths = (
				"$(DERIVED_FILE_DIR)/Pods-Pure Layout External Test appTests-checkManifestLockResult.txt",
			);
			runOnlyForDeploymentPostprocessing = 0;
			shellPath = /bin/sh;
			shellScript = "diff \"${PODS_PODFILE_DIR_PATH}/Podfile.lock\" \"${PODS_ROOT}/Manifest.lock\" > /dev/null\nif [ $? != 0 ] ; then\n    # print error to STDERR\n    echo \"error: The sandbox is not in sync with the Podfile.lock. Run 'pod install' or update your CocoaPods installation.\" >&2\n    exit 1\nfi\n# This output is used by Xcode 'outputs' to avoid re-running this script phase.\necho \"SUCCESS\" > \"${SCRIPT_OUTPUT_FILE_0}\"\n";
			showEnvVarsInLog = 0;
		};
		786D7D2CF4B1C101EBD57059 /* [CP] Check Pods Manifest.lock */ = {
			isa = PBXShellScriptBuildPhase;
			buildActionMask = 2147483647;
			files = (
			);
			inputPaths = (
				"${PODS_PODFILE_DIR_PATH}/Podfile.lock",
				"${PODS_ROOT}/Manifest.lock",
			);
			name = "[CP] Check Pods Manifest.lock";
			outputPaths = (
				"$(DERIVED_FILE_DIR)/Pods-Pure Layout External Test appUITests-checkManifestLockResult.txt",
			);
			runOnlyForDeploymentPostprocessing = 0;
			shellPath = /bin/sh;
			shellScript = "diff \"${PODS_PODFILE_DIR_PATH}/Podfile.lock\" \"${PODS_ROOT}/Manifest.lock\" > /dev/null\nif [ $? != 0 ] ; then\n    # print error to STDERR\n    echo \"error: The sandbox is not in sync with the Podfile.lock. Run 'pod install' or update your CocoaPods installation.\" >&2\n    exit 1\nfi\n# This output is used by Xcode 'outputs' to avoid re-running this script phase.\necho \"SUCCESS\" > \"${SCRIPT_OUTPUT_FILE_0}\"\n";
			showEnvVarsInLog = 0;
		};
		7909EBF578196586604C2BA3 /* [CP] Embed Pods Frameworks */ = {
			isa = PBXShellScriptBuildPhase;
			buildActionMask = 2147483647;
			files = (
			);
			inputPaths = (
				"${SRCROOT}/Pods/Target Support Files/Pods-Pure Layout External Test app/Pods-Pure Layout External Test app-frameworks.sh",
				"${BUILT_PRODUCTS_DIR}/PureLayout/PureLayout.framework",
			);
			name = "[CP] Embed Pods Frameworks";
			outputPaths = (
				"${TARGET_BUILD_DIR}/${FRAMEWORKS_FOLDER_PATH}/PureLayout.framework",
			);
			runOnlyForDeploymentPostprocessing = 0;
			shellPath = /bin/sh;
			shellScript = "\"${SRCROOT}/Pods/Target Support Files/Pods-Pure Layout External Test app/Pods-Pure Layout External Test app-frameworks.sh\"\n";
			showEnvVarsInLog = 0;
		};
/* End PBXShellScriptBuildPhase section */

/* Begin PBXSourcesBuildPhase section */
		F8E8450D21310EEF007CDC55 /* Sources */ = {
			isa = PBXSourcesBuildPhase;
			buildActionMask = 2147483647;
			files = (
				F8E8451721310EEF007CDC55 /* ViewController.swift in Sources */,
				F8E8451521310EEF007CDC55 /* AppDelegate.swift in Sources */,
			);
			runOnlyForDeploymentPostprocessing = 0;
		};
		F8E8452121310EF2007CDC55 /* Sources */ = {
			isa = PBXSourcesBuildPhase;
			buildActionMask = 2147483647;
			files = (
				F8E8452A21310EF2007CDC55 /* Pure_Layout_External_Test_appTests.swift in Sources */,
			);
			runOnlyForDeploymentPostprocessing = 0;
		};
		F8E8452C21310EF2007CDC55 /* Sources */ = {
			isa = PBXSourcesBuildPhase;
			buildActionMask = 2147483647;
			files = (
				F8E8453521310EF2007CDC55 /* Pure_Layout_External_Test_appUITests.swift in Sources */,
			);
			runOnlyForDeploymentPostprocessing = 0;
		};
/* End PBXSourcesBuildPhase section */

/* Begin PBXTargetDependency section */
		F8E8452721310EF2007CDC55 /* PBXTargetDependency */ = {
			isa = PBXTargetDependency;
			target = F8E8451021310EEF007CDC55 /* Pure Layout External Test app */;
			targetProxy = F8E8452621310EF2007CDC55 /* PBXContainerItemProxy */;
		};
		F8E8453221310EF2007CDC55 /* PBXTargetDependency */ = {
			isa = PBXTargetDependency;
			target = F8E8451021310EEF007CDC55 /* Pure Layout External Test app */;
			targetProxy = F8E8453121310EF2007CDC55 /* PBXContainerItemProxy */;
		};
/* End PBXTargetDependency section */

/* Begin PBXVariantGroup section */
		F8E8451821310EEF007CDC55 /* Main.storyboard */ = {
			isa = PBXVariantGroup;
			children = (
				F8E8451921310EEF007CDC55 /* Base */,
			);
			name = Main.storyboard;
			sourceTree = "<group>";
		};
		F8E8451D21310EF1007CDC55 /* LaunchScreen.storyboard */ = {
			isa = PBXVariantGroup;
			children = (
				F8E8451E21310EF1007CDC55 /* Base */,
			);
			name = LaunchScreen.storyboard;
			sourceTree = "<group>";
		};
/* End PBXVariantGroup section */

/* Begin XCBuildConfiguration section */
		F8E8453721310EF2007CDC55 /* Debug */ = {
			isa = XCBuildConfiguration;
			buildSettings = {
				ALWAYS_SEARCH_USER_PATHS = NO;
				CLANG_ANALYZER_NONNULL = YES;
				CLANG_ANALYZER_NUMBER_OBJECT_CONVERSION = YES_AGGRESSIVE;
				CLANG_CXX_LANGUAGE_STANDARD = "gnu++14";
				CLANG_CXX_LIBRARY = "libc++";
				CLANG_ENABLE_MODULES = YES;
				CLANG_ENABLE_OBJC_ARC = YES;
				CLANG_ENABLE_OBJC_WEAK = YES;
				CLANG_WARN_BLOCK_CAPTURE_AUTORELEASING = YES;
				CLANG_WARN_BOOL_CONVERSION = YES;
				CLANG_WARN_COMMA = YES;
				CLANG_WARN_CONSTANT_CONVERSION = YES;
				CLANG_WARN_DEPRECATED_OBJC_IMPLEMENTATIONS = YES;
				CLANG_WARN_DIRECT_OBJC_ISA_USAGE = YES_ERROR;
				CLANG_WARN_DOCUMENTATION_COMMENTS = YES;
				CLANG_WARN_EMPTY_BODY = YES;
				CLANG_WARN_ENUM_CONVERSION = YES;
				CLANG_WARN_INFINITE_RECURSION = YES;
				CLANG_WARN_INT_CONVERSION = YES;
				CLANG_WARN_NON_LITERAL_NULL_CONVERSION = YES;
				CLANG_WARN_OBJC_IMPLICIT_RETAIN_SELF = YES;
				CLANG_WARN_OBJC_LITERAL_CONVERSION = YES;
				CLANG_WARN_OBJC_ROOT_CLASS = YES_ERROR;
				CLANG_WARN_RANGE_LOOP_ANALYSIS = YES;
				CLANG_WARN_STRICT_PROTOTYPES = YES;
				CLANG_WARN_SUSPICIOUS_MOVE = YES;
				CLANG_WARN_UNGUARDED_AVAILABILITY = YES_AGGRESSIVE;
				CLANG_WARN_UNREACHABLE_CODE = YES;
				CLANG_WARN__DUPLICATE_METHOD_MATCH = YES;
				CODE_SIGN_IDENTITY = "iPhone Developer";
				COPY_PHASE_STRIP = NO;
				DEBUG_INFORMATION_FORMAT = dwarf;
				ENABLE_STRICT_OBJC_MSGSEND = YES;
				ENABLE_TESTABILITY = YES;
				GCC_C_LANGUAGE_STANDARD = gnu11;
				GCC_DYNAMIC_NO_PIC = NO;
				GCC_NO_COMMON_BLOCKS = YES;
				GCC_OPTIMIZATION_LEVEL = 0;
				GCC_PREPROCESSOR_DEFINITIONS = (
					"DEBUG=1",
					"$(inherited)",
				);
				GCC_WARN_64_TO_32_BIT_CONVERSION = YES;
				GCC_WARN_ABOUT_RETURN_TYPE = YES_ERROR;
				GCC_WARN_UNDECLARED_SELECTOR = YES;
				GCC_WARN_UNINITIALIZED_AUTOS = YES_AGGRESSIVE;
				GCC_WARN_UNUSED_FUNCTION = YES;
				GCC_WARN_UNUSED_VARIABLE = YES;
				IPHONEOS_DEPLOYMENT_TARGET = 11.4;
				MTL_ENABLE_DEBUG_INFO = YES;
				ONLY_ACTIVE_ARCH = YES;
				SDKROOT = iphoneos;
				SWIFT_ACTIVE_COMPILATION_CONDITIONS = DEBUG;
				SWIFT_OPTIMIZATION_LEVEL = "-Onone";
			};
			name = Debug;
		};
		F8E8453821310EF2007CDC55 /* Release */ = {
			isa = XCBuildConfiguration;
			buildSettings = {
				ALWAYS_SEARCH_USER_PATHS = NO;
				CLANG_ANALYZER_NONNULL = YES;
				CLANG_ANALYZER_NUMBER_OBJECT_CONVERSION = YES_AGGRESSIVE;
				CLANG_CXX_LANGUAGE_STANDARD = "gnu++14";
				CLANG_CXX_LIBRARY = "libc++";
				CLANG_ENABLE_MODULES = YES;
				CLANG_ENABLE_OBJC_ARC = YES;
				CLANG_ENABLE_OBJC_WEAK = YES;
				CLANG_WARN_BLOCK_CAPTURE_AUTORELEASING = YES;
				CLANG_WARN_BOOL_CONVERSION = YES;
				CLANG_WARN_COMMA = YES;
				CLANG_WARN_CONSTANT_CONVERSION = YES;
				CLANG_WARN_DEPRECATED_OBJC_IMPLEMENTATIONS = YES;
				CLANG_WARN_DIRECT_OBJC_ISA_USAGE = YES_ERROR;
				CLANG_WARN_DOCUMENTATION_COMMENTS = YES;
				CLANG_WARN_EMPTY_BODY = YES;
				CLANG_WARN_ENUM_CONVERSION = YES;
				CLANG_WARN_INFINITE_RECURSION = YES;
				CLANG_WARN_INT_CONVERSION = YES;
				CLANG_WARN_NON_LITERAL_NULL_CONVERSION = YES;
				CLANG_WARN_OBJC_IMPLICIT_RETAIN_SELF = YES;
				CLANG_WARN_OBJC_LITERAL_CONVERSION = YES;
				CLANG_WARN_OBJC_ROOT_CLASS = YES_ERROR;
				CLANG_WARN_RANGE_LOOP_ANALYSIS = YES;
				CLANG_WARN_STRICT_PROTOTYPES = YES;
				CLANG_WARN_SUSPICIOUS_MOVE = YES;
				CLANG_WARN_UNGUARDED_AVAILABILITY = YES_AGGRESSIVE;
				CLANG_WARN_UNREACHABLE_CODE = YES;
				CLANG_WARN__DUPLICATE_METHOD_MATCH = YES;
				CODE_SIGN_IDENTITY = "iPhone Developer";
				COPY_PHASE_STRIP = NO;
				DEBUG_INFORMATION_FORMAT = "dwarf-with-dsym";
				ENABLE_NS_ASSERTIONS = NO;
				ENABLE_STRICT_OBJC_MSGSEND = YES;
				GCC_C_LANGUAGE_STANDARD = gnu11;
				GCC_NO_COMMON_BLOCKS = YES;
				GCC_WARN_64_TO_32_BIT_CONVERSION = YES;
				GCC_WARN_ABOUT_RETURN_TYPE = YES_ERROR;
				GCC_WARN_UNDECLARED_SELECTOR = YES;
				GCC_WARN_UNINITIALIZED_AUTOS = YES_AGGRESSIVE;
				GCC_WARN_UNUSED_FUNCTION = YES;
				GCC_WARN_UNUSED_VARIABLE = YES;
				IPHONEOS_DEPLOYMENT_TARGET = 11.4;
				MTL_ENABLE_DEBUG_INFO = NO;
				SDKROOT = iphoneos;
				SWIFT_COMPILATION_MODE = wholemodule;
				SWIFT_OPTIMIZATION_LEVEL = "-O";
				VALIDATE_PRODUCT = YES;
			};
			name = Release;
		};
		F8E8453A21310EF2007CDC55 /* Debug */ = {
			isa = XCBuildConfiguration;
			baseConfigurationReference = 023AFA2DC7338897531C4848 /* Pods-Pure Layout External Test app.debug.xcconfig */;
			buildSettings = {
				ASSETCATALOG_COMPILER_APPICON_NAME = AppIcon;
				CODE_SIGN_STYLE = Automatic;
				DEVELOPMENT_TEAM = 3SQ788B52T;
				INFOPLIST_FILE = "Pure Layout External Test app/Info.plist";
				LD_RUNPATH_SEARCH_PATHS = "$(inherited) @executable_path/Frameworks";
				PRODUCT_BUNDLE_IDENTIFIER = "com.chromedomesoftware.Pure-Layout-External-Test-app";
				PRODUCT_NAME = "$(TARGET_NAME)";
				SWIFT_VERSION = 4.0;
				TARGETED_DEVICE_FAMILY = "1,2";
			};
			name = Debug;
		};
		F8E8453B21310EF2007CDC55 /* Release */ = {
			isa = XCBuildConfiguration;
			baseConfigurationReference = E71DAE8840DD918ED6CB0760 /* Pods-Pure Layout External Test app.release.xcconfig */;
			buildSettings = {
				ASSETCATALOG_COMPILER_APPICON_NAME = AppIcon;
				CODE_SIGN_STYLE = Automatic;
				DEVELOPMENT_TEAM = 3SQ788B52T;
				INFOPLIST_FILE = "Pure Layout External Test app/Info.plist";
				LD_RUNPATH_SEARCH_PATHS = "$(inherited) @executable_path/Frameworks";
				PRODUCT_BUNDLE_IDENTIFIER = "com.chromedomesoftware.Pure-Layout-External-Test-app";
				PRODUCT_NAME = "$(TARGET_NAME)";
				SWIFT_VERSION = 4.0;
				TARGETED_DEVICE_FAMILY = "1,2";
			};
			name = Release;
		};
		F8E8453D21310EF2007CDC55 /* Debug */ = {
			isa = XCBuildConfiguration;
			baseConfigurationReference = 04AF51ABFD4525CF4504E318 /* Pods-Pure Layout External Test appTests.debug.xcconfig */;
			buildSettings = {
				ALWAYS_EMBED_SWIFT_STANDARD_LIBRARIES = YES;
				BUNDLE_LOADER = "$(TEST_HOST)";
				CODE_SIGN_STYLE = Automatic;
				DEVELOPMENT_TEAM = 3SQ788B52T;
				INFOPLIST_FILE = "Pure Layout External Test appTests/Info.plist";
				LD_RUNPATH_SEARCH_PATHS = "$(inherited) @executable_path/Frameworks @loader_path/Frameworks";
				PRODUCT_BUNDLE_IDENTIFIER = "com.chromedomesoftware.Pure-Layout-External-Test-appTests";
				PRODUCT_NAME = "$(TARGET_NAME)";
				SWIFT_VERSION = 4.0;
				TARGETED_DEVICE_FAMILY = "1,2";
				TEST_HOST = "$(BUILT_PRODUCTS_DIR)/Pure Layout External Test app.app/Pure Layout External Test app";
			};
			name = Debug;
		};
		F8E8453E21310EF2007CDC55 /* Release */ = {
			isa = XCBuildConfiguration;
			baseConfigurationReference = 8685F75EE0BECAC844B00C59 /* Pods-Pure Layout External Test appTests.release.xcconfig */;
			buildSettings = {
				ALWAYS_EMBED_SWIFT_STANDARD_LIBRARIES = YES;
				BUNDLE_LOADER = "$(TEST_HOST)";
				CODE_SIGN_STYLE = Automatic;
				DEVELOPMENT_TEAM = 3SQ788B52T;
				INFOPLIST_FILE = "Pure Layout External Test appTests/Info.plist";
				LD_RUNPATH_SEARCH_PATHS = "$(inherited) @executable_path/Frameworks @loader_path/Frameworks";
				PRODUCT_BUNDLE_IDENTIFIER = "com.chromedomesoftware.Pure-Layout-External-Test-appTests";
				PRODUCT_NAME = "$(TARGET_NAME)";
				SWIFT_VERSION = 4.0;
				TARGETED_DEVICE_FAMILY = "1,2";
				TEST_HOST = "$(BUILT_PRODUCTS_DIR)/Pure Layout External Test app.app/Pure Layout External Test app";
			};
			name = Release;
		};
		F8E8454021310EF2007CDC55 /* Debug */ = {
			isa = XCBuildConfiguration;
			baseConfigurationReference = 6DE18391E940341F2C419360 /* Pods-Pure Layout External Test appUITests.debug.xcconfig */;
			buildSettings = {
				ALWAYS_EMBED_SWIFT_STANDARD_LIBRARIES = YES;
				CODE_SIGN_STYLE = Automatic;
				DEVELOPMENT_TEAM = 3SQ788B52T;
				INFOPLIST_FILE = "Pure Layout External Test appUITests/Info.plist";
				LD_RUNPATH_SEARCH_PATHS = "$(inherited) @executable_path/Frameworks @loader_path/Frameworks";
				PRODUCT_BUNDLE_IDENTIFIER = "com.chromedomesoftware.Pure-Layout-External-Test-appUITests";
				PRODUCT_NAME = "$(TARGET_NAME)";
				SWIFT_VERSION = 4.0;
				TARGETED_DEVICE_FAMILY = "1,2";
				TEST_TARGET_NAME = "Pure Layout External Test app";
			};
			name = Debug;
		};
		F8E8454121310EF2007CDC55 /* Release */ = {
			isa = XCBuildConfiguration;
			baseConfigurationReference = C6ACE45505B72ED2E2274489 /* Pods-Pure Layout External Test appUITests.release.xcconfig */;
			buildSettings = {
				ALWAYS_EMBED_SWIFT_STANDARD_LIBRARIES = YES;
				CODE_SIGN_STYLE = Automatic;
				DEVELOPMENT_TEAM = 3SQ788B52T;
				INFOPLIST_FILE = "Pure Layout External Test appUITests/Info.plist";
				LD_RUNPATH_SEARCH_PATHS = "$(inherited) @executable_path/Frameworks @loader_path/Frameworks";
				PRODUCT_BUNDLE_IDENTIFIER = "com.chromedomesoftware.Pure-Layout-External-Test-appUITests";
				PRODUCT_NAME = "$(TARGET_NAME)";
				SWIFT_VERSION = 4.0;
				TARGETED_DEVICE_FAMILY = "1,2";
				TEST_TARGET_NAME = "Pure Layout External Test app";
			};
			name = Release;
		};
/* End XCBuildConfiguration section */

/* Begin XCConfigurationList section */
		F8E8450C21310EEF007CDC55 /* Build configuration list for PBXProject "Pure Layout External Test app" */ = {
			isa = XCConfigurationList;
			buildConfigurations = (
				F8E8453721310EF2007CDC55 /* Debug */,
				F8E8453821310EF2007CDC55 /* Release */,
			);
			defaultConfigurationIsVisible = 0;
			defaultConfigurationName = Release;
		};
		F8E8453921310EF2007CDC55 /* Build configuration list for PBXNativeTarget "Pure Layout External Test app" */ = {
			isa = XCConfigurationList;
			buildConfigurations = (
				F8E8453A21310EF2007CDC55 /* Debug */,
				F8E8453B21310EF2007CDC55 /* Release */,
			);
			defaultConfigurationIsVisible = 0;
			defaultConfigurationName = Release;
		};
		F8E8453C21310EF2007CDC55 /* Build configuration list for PBXNativeTarget "Pure Layout External Test appTests" */ = {
			isa = XCConfigurationList;
			buildConfigurations = (
				F8E8453D21310EF2007CDC55 /* Debug */,
				F8E8453E21310EF2007CDC55 /* Release */,
			);
			defaultConfigurationIsVisible = 0;
			defaultConfigurationName = Release;
		};
		F8E8453F21310EF2007CDC55 /* Build configuration list for PBXNativeTarget "Pure Layout External Test appUITests" */ = {
			isa = XCConfigurationList;
			buildConfigurations = (
				F8E8454021310EF2007CDC55 /* Debug */,
				F8E8454121310EF2007CDC55 /* Release */,
			);
			defaultConfigurationIsVisible = 0;
			defaultConfigurationName = Release;
		};
/* End XCConfigurationList section */
	};
	rootObject = F8E8450921310EEF007CDC55 /* Project object */;
}
